Microsoft Visual Studio Solution File, Format Version 12.00
# Visual Studio 15
VisualStudioVersion = 15.0.26124.0
MinimumVisualStudioVersion = 15.0.26124.0
Project("{9A19103F-16F7-4668-BE54-9A1E7A4F7556}") = "GradientDescent", "GradientDescent\GradientDescent.csproj", "{67139914-D25C-43B7-951F-9B6F8DF83453}"
EndProject
Project("{9A19103F-16F7-4668-BE54-9A1E7A4F7556}") = "MatrixManipulation.Test", "MatrixManipulation.Test\MatrixManipulation.Test.csproj", "{35F27188-2E61-49B9-9EF8-AE82F5A1CCF7}"
EndProject
Project("{9A19103F-16F7-4668-BE54-9A1E7A4F7556}") = "MatrixManipulation", "MatrixManipulation\MatrixManipulation.csproj", "{9BEE07B8-AE7B-48C8-BEDF-91861DF1ACEB}"
EndProject
Global
	GlobalSection(SolutionConfigurationPlatforms) = preSolution
		Debug|Any CPU = Debug|Any CPU
		Debug|x64 = Debug|x64
		Debug|x86 = Debug|x86
		Release|Any CPU = Release|Any CPU
		Release|x64 = Release|x64
		Release|x86 = Release|x86
	EndGlobalSection
	GlobalSection(ProjectConfigurationPlatforms) = postSolution
		{67139914-D25C-43B7-951F-9B6F8DF83453}.Debug|Any CPU.ActiveCfg = Debug|Any CPU
		{67139914-D25C-43B7-951F-9B6F8DF83453}.Debug|Any CPU.Build.0 = Debug|Any CPU
		{67139914-D25C-43B7-951F-9B6F8DF83453}.Debug|x64.ActiveCfg = Debug|Any CPU
		{67139914-D25C-43B7-951F-9B6F8DF83453}.Debug|x64.Build.0 = Debug|Any CPU
		{67139914-D25C-43B7-951F-9B6F8DF83453}.Debug|x86.ActiveCfg = Debug|Any CPU
		{67139914-D25C-43B7-951F-9B6F8DF83453}.Debug|x86.Build.0 = Debug|Any CPU
		{67139914-D25C-43B7-951F-9B6F8DF83453}.Release|Any CPU.ActiveCfg = Release|Any CPU
		{67139914-D25C-43B7-951F-9B6F8DF83453}.Release|Any CPU.Build.0 = Release|Any CPU
		{67139914-D25C-43B7-951F-9B6F8DF83453}.Release|x64.ActiveCfg = Release|Any CPU
		{67139914-D25C-43B7-951F-9B6F8DF83453}.Release|x64.Build.0 = Release|Any CPU
		{67139914-D25C-43B7-951F-9B6F8DF83453}.Release|x86.ActiveCfg = Release|Any CPU
		{67139914-D25C-43B7-951F-9B6F8DF83453}.Release|x86.Build.0 = Release|Any CPU
		{35F27188-2E61-49B9-9EF8-AE82F5A1CCF7}.Debug|Any CPU.ActiveCfg = Debug|Any CPU
		{35F27188-2E61-49B9-9EF8-AE82F5A1CCF7}.Debug|Any CPU.Build.0 = Debug|Any CPU
		{35F27188-2E61-49B9-9EF8-AE82F5A1CCF7}.Debug|x64.ActiveCfg = Debug|Any CPU
		{35F27188-2E61-49B9-9EF8-AE82F5A1CCF7}.Debug|x64.Build.0 = Debug|Any CPU
		{35F27188-2E61-49B9-9EF8-AE82F5A1CCF7}.Debug|x86.ActiveCfg = Debug|Any CPU
		{35F27188-2E61-49B9-9EF8-AE82F5A1CCF7}.Debug|x86.Build.0 = Debug|Any CPU
		{35F27188-2E61-49B9-9EF8-AE82F5A1CCF7}.Release|Any CPU.ActiveCfg = Release|Any CPU
		{35F27188-2E61-49B9-9EF8-AE82F5A1CCF7}.Release|Any CPU.Build.0 = Release|Any CPU
		{35F27188-2E61-49B9-9EF8-AE82F5A1CCF7}.Release|x64.ActiveCfg = Release|Any CPU
		{35F27188-2E61-49B9-9EF8-AE82F5A1CCF7}.Release|x64.Build.0 = Release|Any CPU
		{35F27188-2E61-49B9-9EF8-AE82F5A1CCF7}.Release|x86.ActiveCfg = Release|Any CPU
		{35F27188-2E61-49B9-9EF8-AE82F5A1CCF7}.Release|x86.Build.0 = Release|Any CPU
		{9BEE07B8-AE7B-48C8-BEDF-91861DF1ACEB}.Debug|Any CPU.ActiveCfg = Debug|Any CPU
		{9BEE07B8-AE7B-48C8-BEDF-91861DF1ACEB}.Debug|Any CPU.Build.0 = Debug|Any CPU
		{9BEE07B8-AE7B-48C8-BEDF-91861DF1ACEB}.Debug|x64.ActiveCfg = Debug|Any CPU
		{9BEE07B8-AE7B-48C8-BEDF-91861DF1ACEB}.Debug|x64.Build.0 = Debug|Any CPU
		{9BEE07B8-AE7B-48C8-BEDF-91861DF1ACEB}.Debug|x86.ActiveCfg = Debug|Any CPU
		{9BEE07B8-AE7B-48C8-BEDF-91861DF1ACEB}.Debug|x86.Build.0 = Debug|Any CPU
		{9BEE07B8-AE7B-48C8-BEDF-91861DF1ACEB}.Release|Any CPU.ActiveCfg = Release|Any CPU
		{9BEE07B8-AE7B-48C8-BEDF-91861DF1ACEB}.Release|Any CPU.Build.0 = Release|Any CPU
		{9BEE07B8-AE7B-48C8-BEDF-91861DF1ACEB}.Release|x64.ActiveCfg = Release|Any CPU
		{9BEE07B8-AE7B-48C8-BEDF-91861DF1ACEB}.Release|x64.Build.0 = Release|Any CPU
		{9BEE07B8-AE7B-48C8-BEDF-91861DF1ACEB}.Release|x86.ActiveCfg = Release|Any CPU
		{9BEE07B8-AE7B-48C8-BEDF-91861DF1ACEB}.Release|x86.Build.0 = Release|Any CPU
	EndGlobalSection
	GlobalSection(SolutionProperties) = preSolution
		HideSolutionNode = FALSE
	EndGlobalSection
	GlobalSection(ExtensibilityGlobals) = postSolution
		SolutionGuid = {79E73C95-8CFB-446E-AC30-28D1E6E9B11C}
	EndGlobalSection
EndGlobal
